
Microsoft Visual Studio Solution File, Format Version 12.00
# Visual Studio 15
VisualStudioVersion = 15.0.27703.2042
MinimumVisualStudioVersion = 10.0.40219.1
Project("{FAE04EC0-301F-11D3-BF4B-00C04F79EFBC}") = "DominoSharp", "DominoSharp\DominoSharp.csproj", "{8E50CFD6-1C48-4730-B0D8-54743A7D7875}"
EndProject
Project("{FAE04EC0-301F-11D3-BF4B-00C04F79EFBC}") = "ExampleDomino", "ExampleDomino\ExampleDomino.csproj", "{44DD24F7-BA50-438E-94C7-A89218F17F7F}"
EndProject
Global
	GlobalSection(SolutionConfigurationPlatforms) = preSolution
		Debug|Any CPU = Debug|Any CPU
		Release|Any CPU = Release|Any CPU
	EndGlobalSection
	GlobalSection(ProjectConfigurationPlatforms) = postSolution
		{8E50CFD6-1C48-4730-B0D8-54743A7D7875}.Debug|Any CPU.ActiveCfg = Debug|Any CPU
		{8E50CFD6-1C48-4730-B0D8-54743A7D7875}.Debug|Any CPU.Build.0 = Debug|Any CPU
		{8E50CFD6-1C48-4730-B0D8-54743A7D7875}.Release|Any CPU.ActiveCfg = Release|Any CPU
		{8E50CFD6-1C48-4730-B0D8-54743A7D7875}.Release|Any CPU.Build.0 = Release|Any CPU
		{44DD24F7-BA50-438E-94C7-A89218F17F7F}.Debug|Any CPU.ActiveCfg = Debug|Any CPU
		{44DD24F7-BA50-438E-94C7-A89218F17F7F}.Debug|Any CPU.Build.0 = Debug|Any CPU
		{44DD24F7-BA50-438E-94C7-A89218F17F7F}.Release|Any CPU.ActiveCfg = Release|Any CPU
		{44DD24F7-BA50-438E-94C7-A89218F17F7F}.Release|Any CPU.Build.0 = Release|Any CPU
	EndGlobalSection
	GlobalSection(SolutionProperties) = preSolution
		HideSolutionNode = FALSE
	EndGlobalSection
	GlobalSection(ExtensibilityGlobals) = postSolution
		SolutionGuid = {9A4E9B53-58A3-4270-945C-731E5319A912}
	EndGlobalSection
EndGlobal
